
Microsoft Visual Studio Solution File, Format Version 12.00
# Visual Studio Version 17
VisualStudioVersion = 17.2.32630.192
MinimumVisualStudioVersion = 10.0.40219.1
Project("{9A19103F-16F7-4668-BE54-9A1E7A4F7556}") = "5U0", "Module5+\5U0.csproj", "{7BA0C350-A650-4223-A938-525CC229BB63}"
EndProject
Project("{9A19103F-16F7-4668-BE54-9A1E7A4F7556}") = "5U1", "5U1\5U1.csproj", "{CDA7FC0D-CF0E-4586-943F-FCE7EADE7AAE}"
EndProject
Project("{9A19103F-16F7-4668-BE54-9A1E7A4F7556}") = "5U2", "5U2\5U2.csproj", "{621E6CE2-66E6-42D0-A550-62A721615B11}"
EndProject
Project("{9A19103F-16F7-4668-BE54-9A1E7A4F7556}") = "5U2.8", "U2.8\5U2.8.csproj", "{A6684EC5-856F-4166-91FE-FC1224994B76}"
EndProject
Project("{2150E333-8FDC-42A3-9474-1A3956D46DE8}") = "Solution Items", "Solution Items", "{26A82519-D63C-4362-9744-32361CEDB2AC}"
	ProjectSection(SolutionItems) = preProject
		.editorconfig = .editorconfig
	EndProjectSection
EndProject
Project("{9A19103F-16F7-4668-BE54-9A1E7A4F7556}") = "5U2.15", "5U2.15\5U2.15.csproj", "{A7FFCC4E-9873-495F-838F-59FFCF36D8DA}"
EndProject
Project("{9A19103F-16F7-4668-BE54-9A1E7A4F7556}") = "5U3", "5U3\5U3.csproj", "{4759E867-C0A7-4108-979E-DD7B24E1C86F}"
EndProject
Project("{9A19103F-16F7-4668-BE54-9A1E7A4F7556}") = "5U3.8", "5U3.8\5U3.8.csproj", "{4633CE6E-D477-43C2-8624-5FBE53F0C92A}"
EndProject
Project("{9A19103F-16F7-4668-BE54-9A1E7A4F7556}") = "5U3.13", "5U3.13\5U3.13.csproj", "{0947C191-2701-426B-B738-C36EEEE71DC6}"
EndProject
Project("{9A19103F-16F7-4668-BE54-9A1E7A4F7556}") = "5.5", "5.5\5.5.csproj", "{B1570CB2-A4BF-4676-A98F-900380A9E233}"
EndProject
Project("{2150E333-8FDC-42A3-9474-1A3956D46DE8}") = "Модуль5", "Модуль5", "{C126071A-0FEC-4A3C-AEBD-C3A707A82A18}"
EndProject
Project("{9A19103F-16F7-4668-BE54-9A1E7A4F7556}") = "5.5.8", "5.5.8\5.5.8.csproj", "{33E0DA5B-F30F-4E2B-BEF0-FCCF49CF01FF}"
EndProject
Project("{2150E333-8FDC-42A3-9474-1A3956D46DE8}") = "Проект5", "Проект5", "{3493FDD2-26CA-4D27-8085-B5D3FA209CBD}"
EndProject
Project("{9A19103F-16F7-4668-BE54-9A1E7A4F7556}") = "Проект", "Проект\Проект.csproj", "{50E15EEA-8D89-4271-B093-A653606BF2E3}"
EndProject
Project("{9A19103F-16F7-4668-BE54-9A1E7A4F7556}") = "Test", "Test\Test.csproj", "{A76D9F47-78B0-4483-8A8B-D9EDBCC7C758}"
EndProject
Project("{2150E333-8FDC-42A3-9474-1A3956D46DE8}") = "Модуль6", "Модуль6", "{D5CA6136-581C-47DB-BE2E-C5F5F81247C8}"
EndProject
Project("{9A19103F-16F7-4668-BE54-9A1E7A4F7556}") = "6U1", "U1\6U1.csproj", "{6C8F3FE0-0582-484B-BC55-D395D62E463B}"
EndProject
Project("{9A19103F-16F7-4668-BE54-9A1E7A4F7556}") = "6U3", "6U3\6U3.csproj", "{8FE78D49-0B07-4430-A3FA-0E43C3A5C41D}"
EndProject
Project("{9A19103F-16F7-4668-BE54-9A1E7A4F7556}") = "6U5", "6U5\6U5.csproj", "{4173E436-6672-4595-93E3-556BF19831E7}"
EndProject
Project("{9A19103F-16F7-4668-BE54-9A1E7A4F7556}") = "6U6.1", "6U6.1\6U6.1.csproj", "{C4E53184-7BB5-4CF7-B144-9C31941C6319}"
EndProject
Project("{9A19103F-16F7-4668-BE54-9A1E7A4F7556}") = "6U6.2", "6U6.2\6U6.2.csproj", "{0DF913D3-B072-4773-881A-8D36D9153691}"
EndProject
Project("{2150E333-8FDC-42A3-9474-1A3956D46DE8}") = "Module7", "Module7", "{587CEE98-6925-44BB-84D4-E0CD9DC4F7E4}"
EndProject
Project("{9A19103F-16F7-4668-BE54-9A1E7A4F7556}") = "7U1.4", "7U1.4\7U1.4.csproj", "{D2E1B4AA-38ED-4EA7-A792-14CA08A90BB6}"
EndProject
Project("{9A19103F-16F7-4668-BE54-9A1E7A4F7556}") = "7U1.6", "7U1.6\7U1.6.csproj", "{D2C55435-60B4-4838-A4BE-5974880AC519}"
EndProject
Project("{9A19103F-16F7-4668-BE54-9A1E7A4F7556}") = "7.2.3", "7.2.3\7.2.3.csproj", "{B2F91AB0-883F-4101-8449-29FF29EBA14A}"
EndProject
Project("{9A19103F-16F7-4668-BE54-9A1E7A4F7556}") = "7.2.4", "7.2.4\7.2.4.csproj", "{5773A02C-1BCC-4A1A-BF4E-8EE36E79639B}"
EndProject
Project("{9A19103F-16F7-4668-BE54-9A1E7A4F7556}") = "7.2.7", "7.2.7\7.2.7.csproj", "{7CCA5295-0AAD-446C-9556-4BF889B35F3B}"
EndProject
Project("{9A19103F-16F7-4668-BE54-9A1E7A4F7556}") = "7.2.12", "7.2.12\7.2.12.csproj", "{1223B48B-D96B-4BFF-AC2D-EF54A3676AFC}"
EndProject
Project("{9A19103F-16F7-4668-BE54-9A1E7A4F7556}") = "7.2.14", "7.2.14\7.2.14.csproj", "{A609E4A1-F13D-49AB-B926-701F0551173A}"
EndProject
Project("{9A19103F-16F7-4668-BE54-9A1E7A4F7556}") = "7.3.3", "7.3.3\7.3.3.csproj", "{F5530DC7-4684-4CE4-BDE6-E866A822611C}"
EndProject
Project("{9A19103F-16F7-4668-BE54-9A1E7A4F7556}") = "7.5.2", "7.5.2\7.5.2.csproj", "{8B19CFE4-EC33-470B-B5D7-E7AE7EBE16C0}"
EndProject
Project("{9A19103F-16F7-4668-BE54-9A1E7A4F7556}") = "Module_7", "Модуль 7\Module_7.csproj", "{DD9DFD70-646D-4A6F-A114-8B339914A130}"
EndProject
Project("{2150E333-8FDC-42A3-9474-1A3956D46DE8}") = "Project7", "Project7", "{4A68E70B-58C8-4CAE-95C1-4ACC73AE77A7}"
EndProject
Project("{FAE04EC0-301F-11D3-BF4B-00C04F79EFBC}") = "project7", "project_program\project7.csproj", "{185B8527-0B70-4B1C-AC20-E6808388E650}"
EndProject
Global
	GlobalSection(SolutionConfigurationPlatforms) = preSolution
		Debug|Any CPU = Debug|Any CPU
		Release|Any CPU = Release|Any CPU
	EndGlobalSection
	GlobalSection(ProjectConfigurationPlatforms) = postSolution
		{7BA0C350-A650-4223-A938-525CC229BB63}.Debug|Any CPU.ActiveCfg = Debug|Any CPU
		{7BA0C350-A650-4223-A938-525CC229BB63}.Debug|Any CPU.Build.0 = Debug|Any CPU
		{7BA0C350-A650-4223-A938-525CC229BB63}.Release|Any CPU.ActiveCfg = Release|Any CPU
		{7BA0C350-A650-4223-A938-525CC229BB63}.Release|Any CPU.Build.0 = Release|Any CPU
		{CDA7FC0D-CF0E-4586-943F-FCE7EADE7AAE}.Debug|Any CPU.ActiveCfg = Debug|Any CPU
		{CDA7FC0D-CF0E-4586-943F-FCE7EADE7AAE}.Debug|Any CPU.Build.0 = Debug|Any CPU
		{CDA7FC0D-CF0E-4586-943F-FCE7EADE7AAE}.Release|Any CPU.ActiveCfg = Release|Any CPU
		{CDA7FC0D-CF0E-4586-943F-FCE7EADE7AAE}.Release|Any CPU.Build.0 = Release|Any CPU
		{621E6CE2-66E6-42D0-A550-62A721615B11}.Debug|Any CPU.ActiveCfg = Debug|Any CPU
		{621E6CE2-66E6-42D0-A550-62A721615B11}.Debug|Any CPU.Build.0 = Debug|Any CPU
		{621E6CE2-66E6-42D0-A550-62A721615B11}.Release|Any CPU.ActiveCfg = Release|Any CPU
		{621E6CE2-66E6-42D0-A550-62A721615B11}.Release|Any CPU.Build.0 = Release|Any CPU
		{A6684EC5-856F-4166-91FE-FC1224994B76}.Debug|Any CPU.ActiveCfg = Debug|Any CPU
		{A6684EC5-856F-4166-91FE-FC1224994B76}.Debug|Any CPU.Build.0 = Debug|Any CPU
		{A6684EC5-856F-4166-91FE-FC1224994B76}.Release|Any CPU.ActiveCfg = Release|Any CPU
		{A6684EC5-856F-4166-91FE-FC1224994B76}.Release|Any CPU.Build.0 = Release|Any CPU
		{A7FFCC4E-9873-495F-838F-59FFCF36D8DA}.Debug|Any CPU.ActiveCfg = Debug|Any CPU
		{A7FFCC4E-9873-495F-838F-59FFCF36D8DA}.Debug|Any CPU.Build.0 = Debug|Any CPU
		{A7FFCC4E-9873-495F-838F-59FFCF36D8DA}.Release|Any CPU.ActiveCfg = Release|Any CPU
		{A7FFCC4E-9873-495F-838F-59FFCF36D8DA}.Release|Any CPU.Build.0 = Release|Any CPU
		{4759E867-C0A7-4108-979E-DD7B24E1C86F}.Debug|Any CPU.ActiveCfg = Debug|Any CPU
		{4759E867-C0A7-4108-979E-DD7B24E1C86F}.Debug|Any CPU.Build.0 = Debug|Any CPU
		{4759E867-C0A7-4108-979E-DD7B24E1C86F}.Release|Any CPU.ActiveCfg = Release|Any CPU
		{4759E867-C0A7-4108-979E-DD7B24E1C86F}.Release|Any CPU.Build.0 = Release|Any CPU
		{4633CE6E-D477-43C2-8624-5FBE53F0C92A}.Debug|Any CPU.ActiveCfg = Debug|Any CPU
		{4633CE6E-D477-43C2-8624-5FBE53F0C92A}.Debug|Any CPU.Build.0 = Debug|Any CPU
		{4633CE6E-D477-43C2-8624-5FBE53F0C92A}.Release|Any CPU.ActiveCfg = Release|Any CPU
		{4633CE6E-D477-43C2-8624-5FBE53F0C92A}.Release|Any CPU.Build.0 = Release|Any CPU
		{0947C191-2701-426B-B738-C36EEEE71DC6}.Debug|Any CPU.ActiveCfg = Debug|Any CPU
		{0947C191-2701-426B-B738-C36EEEE71DC6}.Debug|Any CPU.Build.0 = Debug|Any CPU
		{0947C191-2701-426B-B738-C36EEEE71DC6}.Release|Any CPU.ActiveCfg = Release|Any CPU
		{0947C191-2701-426B-B738-C36EEEE71DC6}.Release|Any CPU.Build.0 = Release|Any CPU
		{B1570CB2-A4BF-4676-A98F-900380A9E233}.Debug|Any CPU.ActiveCfg = Debug|Any CPU
		{B1570CB2-A4BF-4676-A98F-900380A9E233}.Debug|Any CPU.Build.0 = Debug|Any CPU
		{B1570CB2-A4BF-4676-A98F-900380A9E233}.Release|Any CPU.ActiveCfg = Release|Any CPU
		{B1570CB2-A4BF-4676-A98F-900380A9E233}.Release|Any CPU.Build.0 = Release|Any CPU
		{33E0DA5B-F30F-4E2B-BEF0-FCCF49CF01FF}.Debug|Any CPU.ActiveCfg = Debug|Any CPU
		{33E0DA5B-F30F-4E2B-BEF0-FCCF49CF01FF}.Debug|Any CPU.Build.0 = Debug|Any CPU
		{33E0DA5B-F30F-4E2B-BEF0-FCCF49CF01FF}.Release|Any CPU.ActiveCfg = Release|Any CPU
		{33E0DA5B-F30F-4E2B-BEF0-FCCF49CF01FF}.Release|Any CPU.Build.0 = Release|Any CPU
		{50E15EEA-8D89-4271-B093-A653606BF2E3}.Debug|Any CPU.ActiveCfg = Debug|Any CPU
		{50E15EEA-8D89-4271-B093-A653606BF2E3}.Debug|Any CPU.Build.0 = Debug|Any CPU
		{50E15EEA-8D89-4271-B093-A653606BF2E3}.Release|Any CPU.ActiveCfg = Release|Any CPU
		{50E15EEA-8D89-4271-B093-A653606BF2E3}.Release|Any CPU.Build.0 = Release|Any CPU
		{A76D9F47-78B0-4483-8A8B-D9EDBCC7C758}.Debug|Any CPU.ActiveCfg = Debug|Any CPU
		{A76D9F47-78B0-4483-8A8B-D9EDBCC7C758}.Debug|Any CPU.Build.0 = Debug|Any CPU
		{A76D9F47-78B0-4483-8A8B-D9EDBCC7C758}.Release|Any CPU.ActiveCfg = Release|Any CPU
		{A76D9F47-78B0-4483-8A8B-D9EDBCC7C758}.Release|Any CPU.Build.0 = Release|Any CPU
		{6C8F3FE0-0582-484B-BC55-D395D62E463B}.Debug|Any CPU.ActiveCfg = Debug|Any CPU
		{6C8F3FE0-0582-484B-BC55-D395D62E463B}.Debug|Any CPU.Build.0 = Debug|Any CPU
		{6C8F3FE0-0582-484B-BC55-D395D62E463B}.Release|Any CPU.ActiveCfg = Release|Any CPU
		{6C8F3FE0-0582-484B-BC55-D395D62E463B}.Release|Any CPU.Build.0 = Release|Any CPU
		{8FE78D49-0B07-4430-A3FA-0E43C3A5C41D}.Debug|Any CPU.ActiveCfg = Debug|Any CPU
		{8FE78D49-0B07-4430-A3FA-0E43C3A5C41D}.Debug|Any CPU.Build.0 = Debug|Any CPU
		{8FE78D49-0B07-4430-A3FA-0E43C3A5C41D}.Release|Any CPU.ActiveCfg = Release|Any CPU
		{8FE78D49-0B07-4430-A3FA-0E43C3A5C41D}.Release|Any CPU.Build.0 = Release|Any CPU
		{4173E436-6672-4595-93E3-556BF19831E7}.Debug|Any CPU.ActiveCfg = Debug|Any CPU
		{4173E436-6672-4595-93E3-556BF19831E7}.Debug|Any CPU.Build.0 = Debug|Any CPU
		{4173E436-6672-4595-93E3-556BF19831E7}.Release|Any CPU.ActiveCfg = Release|Any CPU
		{4173E436-6672-4595-93E3-556BF19831E7}.Release|Any CPU.Build.0 = Release|Any CPU
		{C4E53184-7BB5-4CF7-B144-9C31941C6319}.Debug|Any CPU.ActiveCfg = Debug|Any CPU
		{C4E53184-7BB5-4CF7-B144-9C31941C6319}.Debug|Any CPU.Build.0 = Debug|Any CPU
		{C4E53184-7BB5-4CF7-B144-9C31941C6319}.Release|Any CPU.ActiveCfg = Release|Any CPU
		{C4E53184-7BB5-4CF7-B144-9C31941C6319}.Release|Any CPU.Build.0 = Release|Any CPU
		{0DF913D3-B072-4773-881A-8D36D9153691}.Debug|Any CPU.ActiveCfg = Debug|Any CPU
		{0DF913D3-B072-4773-881A-8D36D9153691}.Debug|Any CPU.Build.0 = Debug|Any CPU
		{0DF913D3-B072-4773-881A-8D36D9153691}.Release|Any CPU.ActiveCfg = Release|Any CPU
		{0DF913D3-B072-4773-881A-8D36D9153691}.Release|Any CPU.Build.0 = Release|Any CPU
		{D2E1B4AA-38ED-4EA7-A792-14CA08A90BB6}.Debug|Any CPU.ActiveCfg = Debug|Any CPU
		{D2E1B4AA-38ED-4EA7-A792-14CA08A90BB6}.Debug|Any CPU.Build.0 = Debug|Any CPU
		{D2E1B4AA-38ED-4EA7-A792-14CA08A90BB6}.Release|Any CPU.ActiveCfg = Release|Any CPU
		{D2E1B4AA-38ED-4EA7-A792-14CA08A90BB6}.Release|Any CPU.Build.0 = Release|Any CPU
		{D2C55435-60B4-4838-A4BE-5974880AC519}.Debug|Any CPU.ActiveCfg = Debug|Any CPU
		{D2C55435-60B4-4838-A4BE-5974880AC519}.Debug|Any CPU.Build.0 = Debug|Any CPU
		{D2C55435-60B4-4838-A4BE-5974880AC519}.Release|Any CPU.ActiveCfg = Release|Any CPU
		{D2C55435-60B4-4838-A4BE-5974880AC519}.Release|Any CPU.Build.0 = Release|Any CPU
		{B2F91AB0-883F-4101-8449-29FF29EBA14A}.Debug|Any CPU.ActiveCfg = Debug|Any CPU
		{B2F91AB0-883F-4101-8449-29FF29EBA14A}.Debug|Any CPU.Build.0 = Debug|Any CPU
		{B2F91AB0-883F-4101-8449-29FF29EBA14A}.Release|Any CPU.ActiveCfg = Release|Any CPU
		{B2F91AB0-883F-4101-8449-29FF29EBA14A}.Release|Any CPU.Build.0 = Release|Any CPU
		{5773A02C-1BCC-4A1A-BF4E-8EE36E79639B}.Debug|Any CPU.ActiveCfg = Debug|Any CPU
		{5773A02C-1BCC-4A1A-BF4E-8EE36E79639B}.Debug|Any CPU.Build.0 = Debug|Any CPU
		{5773A02C-1BCC-4A1A-BF4E-8EE36E79639B}.Release|Any CPU.ActiveCfg = Release|Any CPU
		{5773A02C-1BCC-4A1A-BF4E-8EE36E79639B}.Release|Any CPU.Build.0 = Release|Any CPU
		{7CCA5295-0AAD-446C-9556-4BF889B35F3B}.Debug|Any CPU.ActiveCfg = Debug|Any CPU
		{7CCA5295-0AAD-446C-9556-4BF889B35F3B}.Debug|Any CPU.Build.0 = Debug|Any CPU
		{7CCA5295-0AAD-446C-9556-4BF889B35F3B}.Release|Any CPU.ActiveCfg = Release|Any CPU
		{7CCA5295-0AAD-446C-9556-4BF889B35F3B}.Release|Any CPU.Build.0 = Release|Any CPU
		{1223B48B-D96B-4BFF-AC2D-EF54A3676AFC}.Debug|Any CPU.ActiveCfg = Debug|Any CPU
		{1223B48B-D96B-4BFF-AC2D-EF54A3676AFC}.Debug|Any CPU.Build.0 = Debug|Any CPU
		{1223B48B-D96B-4BFF-AC2D-EF54A3676AFC}.Release|Any CPU.ActiveCfg = Release|Any CPU
		{1223B48B-D96B-4BFF-AC2D-EF54A3676AFC}.Release|Any CPU.Build.0 = Release|Any CPU
		{A609E4A1-F13D-49AB-B926-701F0551173A}.Debug|Any CPU.ActiveCfg = Debug|Any CPU
		{A609E4A1-F13D-49AB-B926-701F0551173A}.Debug|Any CPU.Build.0 = Debug|Any CPU
		{A609E4A1-F13D-49AB-B926-701F0551173A}.Release|Any CPU.ActiveCfg = Release|Any CPU
		{A609E4A1-F13D-49AB-B926-701F0551173A}.Release|Any CPU.Build.0 = Release|Any CPU
		{F5530DC7-4684-4CE4-BDE6-E866A822611C}.Debug|Any CPU.ActiveCfg = Debug|Any CPU
		{F5530DC7-4684-4CE4-BDE6-E866A822611C}.Debug|Any CPU.Build.0 = Debug|Any CPU
		{F5530DC7-4684-4CE4-BDE6-E866A822611C}.Release|Any CPU.ActiveCfg = Release|Any CPU
		{F5530DC7-4684-4CE4-BDE6-E866A822611C}.Release|Any CPU.Build.0 = Release|Any CPU
		{8B19CFE4-EC33-470B-B5D7-E7AE7EBE16C0}.Debug|Any CPU.ActiveCfg = Debug|Any CPU
		{8B19CFE4-EC33-470B-B5D7-E7AE7EBE16C0}.Debug|Any CPU.Build.0 = Debug|Any CPU
		{8B19CFE4-EC33-470B-B5D7-E7AE7EBE16C0}.Release|Any CPU.ActiveCfg = Release|Any CPU
		{8B19CFE4-EC33-470B-B5D7-E7AE7EBE16C0}.Release|Any CPU.Build.0 = Release|Any CPU
		{DD9DFD70-646D-4A6F-A114-8B339914A130}.Debug|Any CPU.ActiveCfg = Debug|Any CPU
		{DD9DFD70-646D-4A6F-A114-8B339914A130}.Debug|Any CPU.Build.0 = Debug|Any CPU
		{DD9DFD70-646D-4A6F-A114-8B339914A130}.Release|Any CPU.ActiveCfg = Release|Any CPU
		{DD9DFD70-646D-4A6F-A114-8B339914A130}.Release|Any CPU.Build.0 = Release|Any CPU
		{185B8527-0B70-4B1C-AC20-E6808388E650}.Debug|Any CPU.ActiveCfg = Debug|Any CPU
		{185B8527-0B70-4B1C-AC20-E6808388E650}.Debug|Any CPU.Build.0 = Debug|Any CPU
		{185B8527-0B70-4B1C-AC20-E6808388E650}.Release|Any CPU.ActiveCfg = Release|Any CPU
		{185B8527-0B70-4B1C-AC20-E6808388E650}.Release|Any CPU.Build.0 = Release|Any CPU
	EndGlobalSection
	GlobalSection(SolutionProperties) = preSolution
		HideSolutionNode = FALSE
	EndGlobalSection
	GlobalSection(NestedProjects) = preSolution
		{7BA0C350-A650-4223-A938-525CC229BB63} = {C126071A-0FEC-4A3C-AEBD-C3A707A82A18}
		{CDA7FC0D-CF0E-4586-943F-FCE7EADE7AAE} = {C126071A-0FEC-4A3C-AEBD-C3A707A82A18}
		{621E6CE2-66E6-42D0-A550-62A721615B11} = {C126071A-0FEC-4A3C-AEBD-C3A707A82A18}
		{A6684EC5-856F-4166-91FE-FC1224994B76} = {C126071A-0FEC-4A3C-AEBD-C3A707A82A18}
		{A7FFCC4E-9873-495F-838F-59FFCF36D8DA} = {C126071A-0FEC-4A3C-AEBD-C3A707A82A18}
		{4759E867-C0A7-4108-979E-DD7B24E1C86F} = {C126071A-0FEC-4A3C-AEBD-C3A707A82A18}
		{4633CE6E-D477-43C2-8624-5FBE53F0C92A} = {C126071A-0FEC-4A3C-AEBD-C3A707A82A18}
		{0947C191-2701-426B-B738-C36EEEE71DC6} = {C126071A-0FEC-4A3C-AEBD-C3A707A82A18}
		{B1570CB2-A4BF-4676-A98F-900380A9E233} = {C126071A-0FEC-4A3C-AEBD-C3A707A82A18}
		{33E0DA5B-F30F-4E2B-BEF0-FCCF49CF01FF} = {C126071A-0FEC-4A3C-AEBD-C3A707A82A18}
		{50E15EEA-8D89-4271-B093-A653606BF2E3} = {3493FDD2-26CA-4D27-8085-B5D3FA209CBD}
		{A76D9F47-78B0-4483-8A8B-D9EDBCC7C758} = {3493FDD2-26CA-4D27-8085-B5D3FA209CBD}
		{6C8F3FE0-0582-484B-BC55-D395D62E463B} = {D5CA6136-581C-47DB-BE2E-C5F5F81247C8}
		{8FE78D49-0B07-4430-A3FA-0E43C3A5C41D} = {D5CA6136-581C-47DB-BE2E-C5F5F81247C8}
		{4173E436-6672-4595-93E3-556BF19831E7} = {D5CA6136-581C-47DB-BE2E-C5F5F81247C8}
		{C4E53184-7BB5-4CF7-B144-9C31941C6319} = {D5CA6136-581C-47DB-BE2E-C5F5F81247C8}
		{0DF913D3-B072-4773-881A-8D36D9153691} = {D5CA6136-581C-47DB-BE2E-C5F5F81247C8}
		{D2E1B4AA-38ED-4EA7-A792-14CA08A90BB6} = {587CEE98-6925-44BB-84D4-E0CD9DC4F7E4}
		{D2C55435-60B4-4838-A4BE-5974880AC519} = {587CEE98-6925-44BB-84D4-E0CD9DC4F7E4}
		{B2F91AB0-883F-4101-8449-29FF29EBA14A} = {587CEE98-6925-44BB-84D4-E0CD9DC4F7E4}
		{5773A02C-1BCC-4A1A-BF4E-8EE36E79639B} = {587CEE98-6925-44BB-84D4-E0CD9DC4F7E4}
		{7CCA5295-0AAD-446C-9556-4BF889B35F3B} = {587CEE98-6925-44BB-84D4-E0CD9DC4F7E4}
		{1223B48B-D96B-4BFF-AC2D-EF54A3676AFC} = {587CEE98-6925-44BB-84D4-E0CD9DC4F7E4}
		{A609E4A1-F13D-49AB-B926-701F0551173A} = {587CEE98-6925-44BB-84D4-E0CD9DC4F7E4}
		{F5530DC7-4684-4CE4-BDE6-E866A822611C} = {587CEE98-6925-44BB-84D4-E0CD9DC4F7E4}
		{8B19CFE4-EC33-470B-B5D7-E7AE7EBE16C0} = {587CEE98-6925-44BB-84D4-E0CD9DC4F7E4}
		{DD9DFD70-646D-4A6F-A114-8B339914A130} = {587CEE98-6925-44BB-84D4-E0CD9DC4F7E4}
		{185B8527-0B70-4B1C-AC20-E6808388E650} = {4A68E70B-58C8-4CAE-95C1-4ACC73AE77A7}
	EndGlobalSection
	GlobalSection(ExtensibilityGlobals) = postSolution
		SolutionGuid = {D5EEAA6B-7D32-485A-9C0A-512970FB45A6}
	EndGlobalSection
EndGlobal
